
Microsoft Visual Studio Solution File, Format Version 12.00
# Visual Studio Version 17
VisualStudioVersion = 17.7.34031.279
MinimumVisualStudioVersion = 10.0.40219.1
Project("{FAE04EC0-301F-11D3-BF4B-00C04F79EFBC}") = "Web.App", "Web.App\Web.App.csproj", "{C603818C-1490-4063-A1A8-70117018D891}"
EndProject
Global
	GlobalSection(SolutionConfigurationPlatforms) = preSolution
		Debug|Any CPU = Debug|Any CPU
		Release|Any CPU = Release|Any CPU
	EndGlobalSection
	GlobalSection(ProjectConfigurationPlatforms) = postSolution
		{C603818C-1490-4063-A1A8-70117018D891}.Debug|Any CPU.ActiveCfg = Debug|Any CPU
		{C603818C-1490-4063-A1A8-70117018D891}.Debug|Any CPU.Build.0 = Debug|Any CPU
		{C603818C-1490-4063-A1A8-70117018D891}.Release|Any CPU.ActiveCfg = Release|Any CPU
		{C603818C-1490-4063-A1A8-70117018D891}.Release|Any CPU.Build.0 = Release|Any CPU
	EndGlobalSection
	GlobalSection(SolutionProperties) = preSolution
		HideSolutionNode = FALSE
	EndGlobalSection
	GlobalSection(ExtensibilityGlobals) = postSolution
		SolutionGuid = {150F4E49-2A74-40F9-A0DE-25DE4898609B}
	EndGlobalSection
EndGlobal
